// !$*UTF8*$!
{
	archiveVersion = 1;
	classes = {
	};
	objectVersion = 50;
	objects = {

/* Begin PBXBuildFile section */
		DC694A6F2A39E62300B3B3F6 /* SuaTelaViewController.xib in Resources */ = {isa = PBXBuildFile; fileRef = DC694A6D2A39E62300B3B3F6 /* SuaTelaViewController.xib */; };
		DC94006B2A27732F002F2979 /* NewBookViewController.swift in Sources */ = {isa = PBXBuildFile; fileRef = DC9400692A27732F002F2979 /* NewBookViewController.swift */; };
		DC94006C2A27732F002F2979 /* NewBookViewController.xib in Resources */ = {isa = PBXBuildFile; fileRef = DC94006A2A27732F002F2979 /* NewBookViewController.xib */; };
		DCA10C332A14FF6C00DE536E /* AppDelegate.swift in Sources */ = {isa = PBXBuildFile; fileRef = DCA10C322A14FF6C00DE536E /* AppDelegate.swift */; };
		DCA10C352A14FF6C00DE536E /* SceneDelegate.swift in Sources */ = {isa = PBXBuildFile; fileRef = DCA10C342A14FF6C00DE536E /* SceneDelegate.swift */; };
		DCA10C372A14FF6C00DE536E /* ViewController.swift in Sources */ = {isa = PBXBuildFile; fileRef = DCA10C362A14FF6C00DE536E /* ViewController.swift */; };
		DCA10C3A2A14FF6C00DE536E /* Main.storyboard in Resources */ = {isa = PBXBuildFile; fileRef = DCA10C382A14FF6C00DE536E /* Main.storyboard */; };
		DCA10C3C2A14FF7500DE536E /* Assets.xcassets in Resources */ = {isa = PBXBuildFile; fileRef = DCA10C3B2A14FF7500DE536E /* Assets.xcassets */; };
		DCA10C3F2A14FF7500DE536E /* LaunchScreen.storyboard in Resources */ = {isa = PBXBuildFile; fileRef = DCA10C3D2A14FF7500DE536E /* LaunchScreen.storyboard */; };
		DCA10C4A2A15048400DE536E /* TerceiraViewController.swift in Sources */ = {isa = PBXBuildFile; fileRef = DCA10C482A15048400DE536E /* TerceiraViewController.swift */; };
		DCA10C4B2A15048400DE536E /* TerceiraViewController.xib in Resources */ = {isa = PBXBuildFile; fileRef = DCA10C492A15048400DE536E /* TerceiraViewController.xib */; };
		DCA10C502A1511A100DE536E /* Livro.swift in Sources */ = {isa = PBXBuildFile; fileRef = DCA10C4F2A1511A100DE536E /* Livro.swift */; };
		DCA10C552A15134A00DE536E /* CelulaCustomizada.swift in Sources */ = {isa = PBXBuildFile; fileRef = DCA10C542A15134A00DE536E /* CelulaCustomizada.swift */; };
/* End PBXBuildFile section */

/* Begin PBXFileReference section */
		DC694A6D2A39E62300B3B3F6 /* SuaTelaViewController.xib */ = {isa = PBXFileReference; lastKnownFileType = file.xib; path = SuaTelaViewController.xib; sourceTree = "<group>"; };
		DC9400692A27732F002F2979 /* NewBookViewController.swift */ = {isa = PBXFileReference; lastKnownFileType = sourcecode.swift; path = NewBookViewController.swift; sourceTree = "<group>"; };
		DC94006A2A27732F002F2979 /* NewBookViewController.xib */ = {isa = PBXFileReference; lastKnownFileType = file.xib; path = NewBookViewController.xib; sourceTree = "<group>"; };
		DCA10C2F2A14FF6C00DE536E /* AtividadeNavigation.app */ = {isa = PBXFileReference; explicitFileType = wrapper.application; includeInIndex = 0; path = AtividadeNavigation.app; sourceTree = BUILT_PRODUCTS_DIR; };
		DCA10C322A14FF6C00DE536E /* AppDelegate.swift */ = {isa = PBXFileReference; lastKnownFileType = sourcecode.swift; path = AppDelegate.swift; sourceTree = "<group>"; };
		DCA10C342A14FF6C00DE536E /* SceneDelegate.swift */ = {isa = PBXFileReference; lastKnownFileType = sourcecode.swift; path = SceneDelegate.swift; sourceTree = "<group>"; };
		DCA10C362A14FF6C00DE536E /* ViewController.swift */ = {isa = PBXFileReference; lastKnownFileType = sourcecode.swift; path = ViewController.swift; sourceTree = "<group>"; };
		DCA10C392A14FF6C00DE536E /* Base */ = {isa = PBXFileReference; lastKnownFileType = file.storyboard; name = Base; path = Base.lproj/Main.storyboard; sourceTree = "<group>"; };
		DCA10C3B2A14FF7500DE536E /* Assets.xcassets */ = {isa = PBXFileReference; lastKnownFileType = folder.assetcatalog; path = Assets.xcassets; sourceTree = "<group>"; };
		DCA10C3E2A14FF7500DE536E /* Base */ = {isa = PBXFileReference; lastKnownFileType = file.storyboard; name = Base; path = Base.lproj/LaunchScreen.storyboard; sourceTree = "<group>"; };
		DCA10C402A14FF7500DE536E /* Info.plist */ = {isa = PBXFileReference; lastKnownFileType = text.plist.xml; path = Info.plist; sourceTree = "<group>"; };
		DCA10C482A15048400DE536E /* TerceiraViewController.swift */ = {isa = PBXFileReference; lastKnownFileType = sourcecode.swift; path = TerceiraViewController.swift; sourceTree = "<group>"; };
		DCA10C492A15048400DE536E /* TerceiraViewController.xib */ = {isa = PBXFileReference; lastKnownFileType = file.xib; path = TerceiraViewController.xib; sourceTree = "<group>"; };
		DCA10C4F2A1511A100DE536E /* Livro.swift */ = {isa = PBXFileReference; lastKnownFileType = sourcecode.swift; path = Livro.swift; sourceTree = "<group>"; };
		DCA10C542A15134A00DE536E /* CelulaCustomizada.swift */ = {isa = PBXFileReference; lastKnownFileType = sourcecode.swift; path = CelulaCustomizada.swift; sourceTree = "<group>"; };
/* End PBXFileReference section */

/* Begin PBXFrameworksBuildPhase section */
		DCA10C2C2A14FF6C00DE536E /* Frameworks */ = {
			isa = PBXFrameworksBuildPhase;
			buildActionMask = 2147483647;
			files = (
			);
			runOnlyForDeploymentPostprocessing = 0;
		};
/* End PBXFrameworksBuildPhase section */

/* Begin PBXGroup section */
		DC9400682A2772F5002F2979 /* New */ = {
			isa = PBXGroup;
			children = (
				DC9400692A27732F002F2979 /* NewBookViewController.swift */,
				DC94006A2A27732F002F2979 /* NewBookViewController.xib */,
				DC694A6D2A39E62300B3B3F6 /* SuaTelaViewController.xib */,
			);
			path = New;
			sourceTree = "<group>";
		};
		DCA10C262A14FF6C00DE536E = {
			isa = PBXGroup;
			children = (
				DCA10C312A14FF6C00DE536E /* AtividadeNavigation */,
				DCA10C302A14FF6C00DE536E /* Products */,
			);
			sourceTree = "<group>";
		};
		DCA10C302A14FF6C00DE536E /* Products */ = {
			isa = PBXGroup;
			children = (
				DCA10C2F2A14FF6C00DE536E /* AtividadeNavigation.app */,
			);
			name = Products;
			sourceTree = "<group>";
		};
		DCA10C312A14FF6C00DE536E /* AtividadeNavigation */ = {
			isa = PBXGroup;
			children = (
				DC9400682A2772F5002F2979 /* New */,
				DCA10C532A15131C00DE536E /* components */,
				DCA10C4E2A15119000DE536E /* Data */,
				DCA10C472A15046100DE536E /* Views */,
				DCA10C322A14FF6C00DE536E /* AppDelegate.swift */,
				DCA10C342A14FF6C00DE536E /* SceneDelegate.swift */,
				DCA10C362A14FF6C00DE536E /* ViewController.swift */,
				DCA10C382A14FF6C00DE536E /* Main.storyboard */,
				DCA10C3B2A14FF7500DE536E /* Assets.xcassets */,
				DCA10C3D2A14FF7500DE536E /* LaunchScreen.storyboard */,
				DCA10C402A14FF7500DE536E /* Info.plist */,
			);
			path = AtividadeNavigation;
			sourceTree = "<group>";
		};
		DCA10C472A15046100DE536E /* Views */ = {
			isa = PBXGroup;
			children = (
				DCA10C482A15048400DE536E /* TerceiraViewController.swift */,
				DCA10C492A15048400DE536E /* TerceiraViewController.xib */,
			);
			path = Views;
			sourceTree = "<group>";
		};
		DCA10C4E2A15119000DE536E /* Data */ = {
			isa = PBXGroup;
			children = (
				DCA10C4F2A1511A100DE536E /* Livro.swift */,
			);
			path = Data;
			sourceTree = "<group>";
		};
		DCA10C532A15131C00DE536E /* components */ = {
			isa = PBXGroup;
			children = (
				DCA10C542A15134A00DE536E /* CelulaCustomizada.swift */,
			);
			path = components;
			sourceTree = "<group>";
		};
/* End PBXGroup section */

/* Begin PBXNativeTarget section */
		DCA10C2E2A14FF6C00DE536E /* AtividadeNavigation */ = {
			isa = PBXNativeTarget;
			buildConfigurationList = DCA10C432A14FF7500DE536E /* Build configuration list for PBXNativeTarget "AtividadeNavigation" */;
			buildPhases = (
				DCA10C2B2A14FF6C00DE536E /* Sources */,
				DCA10C2C2A14FF6C00DE536E /* Frameworks */,
				DCA10C2D2A14FF6C00DE536E /* Resources */,
			);
			buildRules = (
			);
			dependencies = (
			);
			name = AtividadeNavigation;
			productName = AtividadeNavigation;
			productReference = DCA10C2F2A14FF6C00DE536E /* AtividadeNavigation.app */;
			productType = "com.apple.product-type.application";
		};
/* End PBXNativeTarget section */

/* Begin PBXProject section */
		DCA10C272A14FF6C00DE536E /* Project object */ = {
			isa = PBXProject;
			attributes = {
				LastSwiftUpdateCheck = 1200;
				LastUpgradeCheck = 1200;
				TargetAttributes = {
					DCA10C2E2A14FF6C00DE536E = {
						CreatedOnToolsVersion = 12.0.1;
					};
				};
			};
			buildConfigurationList = DCA10C2A2A14FF6C00DE536E /* Build configuration list for PBXProject "AtividadeNavigation" */;
			compatibilityVersion = "Xcode 9.3";
			developmentRegion = en;
			hasScannedForEncodings = 0;
			knownRegions = (
				en,
				Base,
			);
			mainGroup = DCA10C262A14FF6C00DE536E;
			productRefGroup = DCA10C302A14FF6C00DE536E /* Products */;
			projectDirPath = "";
			projectRoot = "";
			targets = (
				DCA10C2E2A14FF6C00DE536E /* AtividadeNavigation */,
			);
		};
/* End PBXProject section */

/* Begin PBXResourcesBuildPhase section */
		DCA10C2D2A14FF6C00DE536E /* Resources */ = {
			isa = PBXResourcesBuildPhase;
			buildActionMask = 2147483647;
			files = (
				DC94006C2A27732F002F2979 /* NewBookViewController.xib in Resources */,
				DCA10C3F2A14FF7500DE536E /* LaunchScreen.storyboard in Resources */,
				DCA10C4B2A15048400DE536E /* TerceiraViewController.xib in Resources */,
				DCA10C3C2A14FF7500DE536E /* Assets.xcassets in Resources */,
				DC694A6F2A39E62300B3B3F6 /* SuaTelaViewController.xib in Resources */,
				DCA10C3A2A14FF6C00DE536E /* Main.storyboard in Resources */,
			);
			runOnlyForDeploymentPostprocessing = 0;
		};
/* End PBXResourcesBuildPhase section */

/* Begin PBXSourcesBuildPhase section */
		DCA10C2B2A14FF6C00DE536E /* Sources */ = {
			isa = PBXSourcesBuildPhase;
			buildActionMask = 2147483647;
			files = (
				DCA10C372A14FF6C00DE536E /* ViewController.swift in Sources */,
				DCA10C4A2A15048400DE536E /* TerceiraViewController.swift in Sources */,
				DCA10C552A15134A00DE536E /* CelulaCustomizada.swift in Sources */,
				DCA10C332A14FF6C00DE536E /* AppDelegate.swift in Sources */,
				DCA10C352A14FF6C00DE536E /* SceneDelegate.swift in Sources */,
				DC94006B2A27732F002F2979 /* NewBookViewController.swift in Sources */,
				DCA10C502A1511A100DE536E /* Livro.swift in Sources */,
			);
			runOnlyForDeploymentPostprocessing = 0;
		};
/* End PBXSourcesBuildPhase section */

/* Begin PBXVariantGroup section */
		DCA10C382A14FF6C00DE536E /* Main.storyboard */ = {
			isa = PBXVariantGroup;
			children = (
				DCA10C392A14FF6C00DE536E /* Base */,
			);
			name = Main.storyboard;
			sourceTree = "<group>";
		};
		DCA10C3D2A14FF7500DE536E /* LaunchScreen.storyboard */ = {
			isa = PBXVariantGroup;
			children = (
				DCA10C3E2A14FF7500DE536E /* Base */,
			);
			name = LaunchScreen.storyboard;
			sourceTree = "<group>";
		};
/* End PBXVariantGroup section */

/* Begin XCBuildConfiguration section */
		DCA10C412A14FF7500DE536E /* Debug */ = {
			isa = XCBuildConfiguration;
			buildSettings = {
				ALWAYS_SEARCH_USER_PATHS = NO;
				CLANG_ANALYZER_NONNULL = YES;
				CLANG_ANALYZER_NUMBER_OBJECT_CONVERSION = YES_AGGRESSIVE;
				CLANG_CXX_LANGUAGE_STANDARD = "gnu++14";
				CLANG_CXX_LIBRARY = "libc++";
				CLANG_ENABLE_MODULES = YES;
				CLANG_ENABLE_OBJC_ARC = YES;
				CLANG_ENABLE_OBJC_WEAK = YES;
				CLANG_WARN_BLOCK_CAPTURE_AUTORELEASING = YES;
				CLANG_WARN_BOOL_CONVERSION = YES;
				CLANG_WARN_COMMA = YES;
				CLANG_WARN_CONSTANT_CONVERSION = YES;
				CLANG_WARN_DEPRECATED_OBJC_IMPLEMENTATIONS = YES;
				CLANG_WARN_DIRECT_OBJC_ISA_USAGE = YES_ERROR;
				CLANG_WARN_DOCUMENTATION_COMMENTS = YES;
				CLANG_WARN_EMPTY_BODY = YES;
				CLANG_WARN_ENUM_CONVERSION = YES;
				CLANG_WARN_INFINITE_RECURSION = YES;
				CLANG_WARN_INT_CONVERSION = YES;
				CLANG_WARN_NON_LITERAL_NULL_CONVERSION = YES;
				CLANG_WARN_OBJC_IMPLICIT_RETAIN_SELF = YES;
				CLANG_WARN_OBJC_LITERAL_CONVERSION = YES;
				CLANG_WARN_OBJC_ROOT_CLASS = YES_ERROR;
				CLANG_WARN_QUOTED_INCLUDE_IN_FRAMEWORK_HEADER = YES;
				CLANG_WARN_RANGE_LOOP_ANALYSIS = YES;
				CLANG_WARN_STRICT_PROTOTYPES = YES;
				CLANG_WARN_SUSPICIOUS_MOVE = YES;
				CLANG_WARN_UNGUARDED_AVAILABILITY = YES_AGGRESSIVE;
				CLANG_WARN_UNREACHABLE_CODE = YES;
				CLANG_WARN__DUPLICATE_METHOD_MATCH = YES;
				COPY_PHASE_STRIP = NO;
				DEBUG_INFORMATION_FORMAT = dwarf;
				ENABLE_STRICT_OBJC_MSGSEND = YES;
				ENABLE_TESTABILITY = YES;
				GCC_C_LANGUAGE_STANDARD = gnu11;
				GCC_DYNAMIC_NO_PIC = NO;
				GCC_NO_COMMON_BLOCKS = YES;
				GCC_OPTIMIZATION_LEVEL = 0;
				GCC_PREPROCESSOR_DEFINITIONS = (
					"DEBUG=1",
					"$(inherited)",
				);
				GCC_WARN_64_TO_32_BIT_CONVERSION = YES;
				GCC_WARN_ABOUT_RETURN_TYPE = YES_ERROR;
				GCC_WARN_UNDECLARED_SELECTOR = YES;
				GCC_WARN_UNINITIALIZED_AUTOS = YES_AGGRESSIVE;
				GCC_WARN_UNUSED_FUNCTION = YES;
				GCC_WARN_UNUSED_VARIABLE = YES;
				IPHONEOS_DEPLOYMENT_TARGET = 14.0;
				MTL_ENABLE_DEBUG_INFO = INCLUDE_SOURCE;
				MTL_FAST_MATH = YES;
				ONLY_ACTIVE_ARCH = YES;
				SDKROOT = iphoneos;
				SWIFT_ACTIVE_COMPILATION_CONDITIONS = DEBUG;
				SWIFT_OPTIMIZATION_LEVEL = "-Onone";
			};
			name = Debug;
		};
		DCA10C422A14FF7500DE536E /* Release */ = {
			isa = XCBuildConfiguration;
			buildSettings = {
				ALWAYS_SEARCH_USER_PATHS = NO;
				CLANG_ANALYZER_NONNULL = YES;
				CLANG_ANALYZER_NUMBER_OBJECT_CONVERSION = YES_AGGRESSIVE;
				CLANG_CXX_LANGUAGE_STANDARD = "gnu++14";
				CLANG_CXX_LIBRARY = "libc++";
				CLANG_ENABLE_MODULES = YES;
				CLANG_ENABLE_OBJC_ARC = YES;
				CLANG_ENABLE_OBJC_WEAK = YES;
				CLANG_WARN_BLOCK_CAPTURE_AUTORELEASING = YES;
				CLANG_WARN_BOOL_CONVERSION = YES;
				CLANG_WARN_COMMA = YES;
				CLANG_WARN_CONSTANT_CONVERSION = YES;
				CLANG_WARN_DEPRECATED_OBJC_IMPLEMENTATIONS = YES;
				CLANG_WARN_DIRECT_OBJC_ISA_USAGE = YES_ERROR;
				CLANG_WARN_DOCUMENTATION_COMMENTS = YES;
				CLANG_WARN_EMPTY_BODY = YES;
				CLANG_WARN_ENUM_CONVERSION = YES;
				CLANG_WARN_INFINITE_RECURSION = YES;
				CLANG_WARN_INT_CONVERSION = YES;
				CLANG_WARN_NON_LITERAL_NULL_CONVERSION = YES;
				CLANG_WARN_OBJC_IMPLICIT_RETAIN_SELF = YES;
				CLANG_WARN_OBJC_LITERAL_CONVERSION = YES;
				CLANG_WARN_OBJC_ROOT_CLASS = YES_ERROR;
				CLANG_WARN_QUOTED_INCLUDE_IN_FRAMEWORK_HEADER = YES;
				CLANG_WARN_RANGE_LOOP_ANALYSIS = YES;
				CLANG_WARN_STRICT_PROTOTYPES = YES;
				CLANG_WARN_SUSPICIOUS_MOVE = YES;
				CLANG_WARN_UNGUARDED_AVAILABILITY = YES_AGGRESSIVE;
				CLANG_WARN_UNREACHABLE_CODE = YES;
				CLANG_WARN__DUPLICATE_METHOD_MATCH = YES;
				COPY_PHASE_STRIP = NO;
				DEBUG_INFORMATION_FORMAT = "dwarf-with-dsym";
				ENABLE_NS_ASSERTIONS = NO;
				ENABLE_STRICT_OBJC_MSGSEND = YES;
				GCC_C_LANGUAGE_STANDARD = gnu11;
				GCC_NO_COMMON_BLOCKS = YES;
				GCC_WARN_64_TO_32_BIT_CONVERSION = YES;
				GCC_WARN_ABOUT_RETURN_TYPE = YES_ERROR;
				GCC_WARN_UNDECLARED_SELECTOR = YES;
				GCC_WARN_UNINITIALIZED_AUTOS = YES_AGGRESSIVE;
				GCC_WARN_UNUSED_FUNCTION = YES;
				GCC_WARN_UNUSED_VARIABLE = YES;
				IPHONEOS_DEPLOYMENT_TARGET = 14.0;
				MTL_ENABLE_DEBUG_INFO = NO;
				MTL_FAST_MATH = YES;
				SDKROOT = iphoneos;
				SWIFT_COMPILATION_MODE = wholemodule;
				SWIFT_OPTIMIZATION_LEVEL = "-O";
				VALIDATE_PRODUCT = YES;
			};
			name = Release;
		};
		DCA10C442A14FF7500DE536E /* Debug */ = {
			isa = XCBuildConfiguration;
			buildSettings = {
				ASSETCATALOG_COMPILER_APPICON_NAME = AppIcon;
				ASSETCATALOG_COMPILER_GLOBAL_ACCENT_COLOR_NAME = AccentColor;
				CODE_SIGN_STYLE = Automatic;
				INFOPLIST_FILE = AtividadeNavigation/Info.plist;
				LD_RUNPATH_SEARCH_PATHS = (
					"$(inherited)",
					"@executable_path/Frameworks",
				);
				PRODUCT_BUNDLE_IDENTIFIER = com.cotemig.AtividadeNavigation;
				PRODUCT_NAME = "$(TARGET_NAME)";
				SWIFT_VERSION = 5.0;
				TARGETED_DEVICE_FAMILY = "1,2";
			};
			name = Debug;
		};
		DCA10C452A14FF7500DE536E /* Release */ = {
			isa = XCBuildConfiguration;
			buildSettings = {
				ASSETCATALOG_COMPILER_APPICON_NAME = AppIcon;
				ASSETCATALOG_COMPILER_GLOBAL_ACCENT_COLOR_NAME = AccentColor;
				CODE_SIGN_STYLE = Automatic;
				INFOPLIST_FILE = AtividadeNavigation/Info.plist;
				LD_RUNPATH_SEARCH_PATHS = (
					"$(inherited)",
					"@executable_path/Frameworks",
				);
				PRODUCT_BUNDLE_IDENTIFIER = com.cotemig.AtividadeNavigation;
				PRODUCT_NAME = "$(TARGET_NAME)";
				SWIFT_VERSION = 5.0;
				TARGETED_DEVICE_FAMILY = "1,2";
			};
			name = Release;
		};
/* End XCBuildConfiguration section */

/* Begin XCConfigurationList section */
		DCA10C2A2A14FF6C00DE536E /* Build configuration list for PBXProject "AtividadeNavigation" */ = {
			isa = XCConfigurationList;
			buildConfigurations = (
				DCA10C412A14FF7500DE536E /* Debug */,
				DCA10C422A14FF7500DE536E /* Release */,
			);
			defaultConfigurationIsVisible = 0;
			defaultConfigurationName = Release;
		};
		DCA10C432A14FF7500DE536E /* Build configuration list for PBXNativeTarget "AtividadeNavigation" */ = {
			isa = XCConfigurationList;
			buildConfigurations = (
				DCA10C442A14FF7500DE536E /* Debug */,
				DCA10C452A14FF7500DE536E /* Release */,
			);
			defaultConfigurationIsVisible = 0;
			defaultConfigurationName = Release;
		};
/* End XCConfigurationList section */
	};
	rootObject = DCA10C272A14FF6C00DE536E /* Project object */;
}
